// !$*UTF8*$!
{
	archiveVersion = 1;
	classes = {
	};
	objectVersion = 46;
	objects = {

/* Begin PBXBuildFile section */
		3AD543DD19D9E56400D92D0A /* main.m in Sources */ = {isa = PBXBuildFile; fileRef = 3AD543DC19D9E56400D92D0A /* main.m */; };
		3AD543E019D9E56400D92D0A /* AppDelegate.m in Sources */ = {isa = PBXBuildFile; fileRef = 3AD543DF19D9E56400D92D0A /* AppDelegate.m */; };
		3AD543E319D9E56400D92D0A /* ViewController.m in Sources */ = {isa = PBXBuildFile; fileRef = 3AD543E219D9E56400D92D0A /* ViewController.m */; };
		3AD543E619D9E56400D92D0A /* Main.storyboard in Resources */ = {isa = PBXBuildFile; fileRef = 3AD543E419D9E56400D92D0A /* Main.storyboard */; };
		3AD543E819D9E56400D92D0A /* Images.xcassets in Resources */ = {isa = PBXBuildFile; fileRef = 3AD543E719D9E56400D92D0A /* Images.xcassets */; };
		3AD543EB19D9E56400D92D0A /* LaunchScreen.xib in Resources */ = {isa = PBXBuildFile; fileRef = 3AD543E919D9E56400D92D0A /* LaunchScreen.xib */; };
		3AD543F719D9E56400D92D0A /* IntuitWearTests.m in Sources */ = {isa = PBXBuildFile; fileRef = 3AD543F619D9E56400D92D0A /* IntuitWearTests.m */; };
/* End PBXBuildFile section */

/* Begin PBXContainerItemProxy section */
		3AD543F119D9E56400D92D0A /* PBXContainerItemProxy */ = {
			isa = PBXContainerItemProxy;
			containerPortal = 3AD543CF19D9E56400D92D0A /* Project object */;
			proxyType = 1;
			remoteGlobalIDString = 3AD543D619D9E56400D92D0A;
			remoteInfo = IntuitWear;
		};
/* End PBXContainerItemProxy section */

/* Begin PBXFileReference section */
		3AD543D719D9E56400D92D0A /* IntuitWear.app */ = {isa = PBXFileReference; explicitFileType = wrapper.application; includeInIndex = 0; path = IntuitWear.app; sourceTree = BUILT_PRODUCTS_DIR; };
		3AD543DB19D9E56400D92D0A /* Info.plist */ = {isa = PBXFileReference; lastKnownFileType = text.plist.xml; path = Info.plist; sourceTree = "<group>"; };
		3AD543DC19D9E56400D92D0A /* main.m */ = {isa = PBXFileReference; lastKnownFileType = sourcecode.c.objc; path = main.m; sourceTree = "<group>"; };
		3AD543DE19D9E56400D92D0A /* AppDelegate.h */ = {isa = PBXFileReference; lastKnownFileType = sourcecode.c.h; path = AppDelegate.h; sourceTree = "<group>"; };
		3AD543DF19D9E56400D92D0A /* AppDelegate.m */ = {isa = PBXFileReference; lastKnownFileType = sourcecode.c.objc; path = AppDelegate.m; sourceTree = "<group>"; };
		3AD543E119D9E56400D92D0A /* ViewController.h */ = {isa = PBXFileReference; lastKnownFileType = sourcecode.c.h; path = ViewController.h; sourceTree = "<group>"; };
		3AD543E219D9E56400D92D0A /* ViewController.m */ = {isa = PBXFileReference; lastKnownFileType = sourcecode.c.objc; path = ViewController.m; sourceTree = "<group>"; };
		3AD543E519D9E56400D92D0A /* Base */ = {isa = PBXFileReference; lastKnownFileType = file.storyboard; name = Base; path = Base.lproj/Main.storyboard; sourceTree = "<group>"; };
		3AD543E719D9E56400D92D0A /* Images.xcassets */ = {isa = PBXFileReference; lastKnownFileType = folder.assetcatalog; path = Images.xcassets; sourceTree = "<group>"; };
		3AD543EA19D9E56400D92D0A /* Base */ = {isa = PBXFileReference; lastKnownFileType = file.xib; name = Base; path = Base.lproj/LaunchScreen.xib; sourceTree = "<group>"; };
		3AD543F019D9E56400D92D0A /* IntuitWearTests.xctest */ = {isa = PBXFileReference; explicitFileType = wrapper.cfbundle; includeInIndex = 0; path = IntuitWearTests.xctest; sourceTree = BUILT_PRODUCTS_DIR; };
		3AD543F519D9E56400D92D0A /* Info.plist */ = {isa = PBXFileReference; lastKnownFileType = text.plist.xml; path = Info.plist; sourceTree = "<group>"; };
		3AD543F619D9E56400D92D0A /* IntuitWearTests.m */ = {isa = PBXFileReference; lastKnownFileType = sourcecode.c.objc; path = IntuitWearTests.m; sourceTree = "<group>"; };
/* End PBXFileReference section */

/* Begin PBXFrameworksBuildPhase section */
		3AD543D419D9E56400D92D0A /* Frameworks */ = {
			isa = PBXFrameworksBuildPhase;
			buildActionMask = 2147483647;
			files = (
			);
			runOnlyForDeploymentPostprocessing = 0;
		};
		3AD543ED19D9E56400D92D0A /* Frameworks */ = {
			isa = PBXFrameworksBuildPhase;
			buildActionMask = 2147483647;
			files = (
			);
			runOnlyForDeploymentPostprocessing = 0;
		};
/* End PBXFrameworksBuildPhase section */

/* Begin PBXGroup section */
		3AD543CE19D9E56400D92D0A = {
			isa = PBXGroup;
			children = (
				3AD543D919D9E56400D92D0A /* IntuitWear */,
				3AD543F319D9E56400D92D0A /* IntuitWearTests */,
				3AD543D819D9E56400D92D0A /* Products */,
			);
			sourceTree = "<group>";
		};
		3AD543D819D9E56400D92D0A /* Products */ = {
			isa = PBXGroup;
			children = (
				3AD543D719D9E56400D92D0A /* IntuitWear.app */,
				3AD543F019D9E56400D92D0A /* IntuitWearTests.xctest */,
			);
			name = Products;
			sourceTree = "<group>";
		};
		3AD543D919D9E56400D92D0A /* IntuitWear */ = {
			isa = PBXGroup;
			children = (
				3AD543DE19D9E56400D92D0A /* AppDelegate.h */,
				3AD543DF19D9E56400D92D0A /* AppDelegate.m */,
				3AD543E119D9E56400D92D0A /* ViewController.h */,
				3AD543E219D9E56400D92D0A /* ViewController.m */,
				3AD543E419D9E56400D92D0A /* Main.storyboard */,
				3AD543E719D9E56400D92D0A /* Images.xcassets */,
				3AD543E919D9E56400D92D0A /* LaunchScreen.xib */,
				3AD543DA19D9E56400D92D0A /* Supporting Files */,
			);
			path = IntuitWear;
			sourceTree = "<group>";
		};
		3AD543DA19D9E56400D92D0A /* Supporting Files */ = {
			isa = PBXGroup;
			children = (
				3AD543DB19D9E56400D92D0A /* Info.plist */,
				3AD543DC19D9E56400D92D0A /* main.m */,
			);
			name = "Supporting Files";
			sourceTree = "<group>";
		};
		3AD543F319D9E56400D92D0A /* IntuitWearTests */ = {
			isa = PBXGroup;
			children = (
				3AD543F619D9E56400D92D0A /* IntuitWearTests.m */,
				3AD543F419D9E56400D92D0A /* Supporting Files */,
			);
			path = IntuitWearTests;
			sourceTree = "<group>";
		};
		3AD543F419D9E56400D92D0A /* Supporting Files */ = {
			isa = PBXGroup;
			children = (
				3AD543F519D9E56400D92D0A /* Info.plist */,
			);
			name = "Supporting Files";
			sourceTree = "<group>";
		};
/* End PBXGroup section */

/* Begin PBXNativeTarget section */
		3AD543D619D9E56400D92D0A /* IntuitWear */ = {
			isa = PBXNativeTarget;
			buildConfigurationList = 3AD543FA19D9E56400D92D0A /* Build configuration list for PBXNativeTarget "IntuitWear" */;
			buildPhases = (
				3AD543D319D9E56400D92D0A /* Sources */,
				3AD543D419D9E56400D92D0A /* Frameworks */,
				3AD543D519D9E56400D92D0A /* Resources */,
			);
			buildRules = (
			);
			dependencies = (
			);
			name = IntuitWear;
			productName = IntuitWear;
			productReference = 3AD543D719D9E56400D92D0A /* IntuitWear.app */;
			productType = "com.apple.product-type.application";
		};
		3AD543EF19D9E56400D92D0A /* IntuitWearTests */ = {
			isa = PBXNativeTarget;
			buildConfigurationList = 3AD543FD19D9E56400D92D0A /* Build configuration list for PBXNativeTarget "IntuitWearTests" */;
			buildPhases = (
				3AD543EC19D9E56400D92D0A /* Sources */,
				3AD543ED19D9E56400D92D0A /* Frameworks */,
				3AD543EE19D9E56400D92D0A /* Resources */,
			);
			buildRules = (
			);
			dependencies = (
				3AD543F219D9E56400D92D0A /* PBXTargetDependency */,
			);
			name = IntuitWearTests;
			productName = IntuitWearTests;
			productReference = 3AD543F019D9E56400D92D0A /* IntuitWearTests.xctest */;
			productType = "com.apple.product-type.bundle.unit-test";
		};
/* End PBXNativeTarget section */

/* Begin PBXProject section */
		3AD543CF19D9E56400D92D0A /* Project object */ = {
			isa = PBXProject;
			attributes = {
				LastUpgradeCheck = 0600;
				ORGANIZATIONNAME = intuit;
				TargetAttributes = {
					3AD543D619D9E56400D92D0A = {
						CreatedOnToolsVersion = 6.0.1;
					};
					3AD543EF19D9E56400D92D0A = {
						CreatedOnToolsVersion = 6.0.1;
						TestTargetID = 3AD543D619D9E56400D92D0A;
					};
				};
			};
			buildConfigurationList = 3AD543D219D9E56400D92D0A /* Build configuration list for PBXProject "IntuitWear" */;
			compatibilityVersion = "Xcode 3.2";
			developmentRegion = English;
			hasScannedForEncodings = 0;
			knownRegions = (
				en,
				Base,
			);
			mainGroup = 3AD543CE19D9E56400D92D0A;
			productRefGroup = 3AD543D819D9E56400D92D0A /* Products */;
			projectDirPath = "";
			projectRoot = "";
			targets = (
				3AD543D619D9E56400D92D0A /* IntuitWear */,
				3AD543EF19D9E56400D92D0A /* IntuitWearTests */,
			);
		};
/* End PBXProject section */

/* Begin PBXResourcesBuildPhase section */
		3AD543D519D9E56400D92D0A /* Resources */ = {
			isa = PBXResourcesBuildPhase;
			buildActionMask = 2147483647;
			files = (
				3AD543E619D9E56400D92D0A /* Main.storyboard in Resources */,
				3AD543EB19D9E56400D92D0A /* LaunchScreen.xib in Resources */,
				3AD543E819D9E56400D92D0A /* Images.xcassets in Resources */,
			);
			runOnlyForDeploymentPostprocessing = 0;
		};
		3AD543EE19D9E56400D92D0A /* Resources */ = {
			isa = PBXResourcesBuildPhase;
			buildActionMask = 2147483647;
			files = (
			);
			runOnlyForDeploymentPostprocessing = 0;
		};
/* End PBXResourcesBuildPhase section */

/* Begin PBXSourcesBuildPhase section */
		3AD543D319D9E56400D92D0A /* Sources */ = {
			isa = PBXSourcesBuildPhase;
			buildActionMask = 2147483647;
			files = (
				3AD543E319D9E56400D92D0A /* ViewController.m in Sources */,
				3AD543E019D9E56400D92D0A /* AppDelegate.m in Sources */,
				3AD543DD19D9E56400D92D0A /* main.m in Sources */,
			);
			runOnlyForDeploymentPostprocessing = 0;
		};
		3AD543EC19D9E56400D92D0A /* Sources */ = {
			isa = PBXSourcesBuildPhase;
			buildActionMask = 2147483647;
			files = (
				3AD543F719D9E56400D92D0A /* IntuitWearTests.m in Sources */,
			);
			runOnlyForDeploymentPostprocessing = 0;
		};
/* End PBXSourcesBuildPhase section */

/* Begin PBXTargetDependency section */
		3AD543F219D9E56400D92D0A /* PBXTargetDependency */ = {
			isa = PBXTargetDependency;
			target = 3AD543D619D9E56400D92D0A /* IntuitWear */;
			targetProxy = 3AD543F119D9E56400D92D0A /* PBXContainerItemProxy */;
		};
/* End PBXTargetDependency section */

/* Begin PBXVariantGroup section */
		3AD543E419D9E56400D92D0A /* Main.storyboard */ = {
			isa = PBXVariantGroup;
			children = (
				3AD543E519D9E56400D92D0A /* Base */,
			);
			name = Main.storyboard;
			sourceTree = "<group>";
		};
		3AD543E919D9E56400D92D0A /* LaunchScreen.xib */ = {
			isa = PBXVariantGroup;
			children = (
				3AD543EA19D9E56400D92D0A /* Base */,
			);
			name = LaunchScreen.xib;
			sourceTree = "<group>";
		};
/* End PBXVariantGroup section */

/* Begin XCBuildConfiguration section */
		3AD543F819D9E56400D92D0A /* Debug */ = {
			isa = XCBuildConfiguration;
			buildSettings = {
				ALWAYS_SEARCH_USER_PATHS = NO;
				CLANG_CXX_LANGUAGE_STANDARD = "gnu++0x";
				CLANG_CXX_LIBRARY = "libc++";
				CLANG_ENABLE_MODULES = YES;
				CLANG_ENABLE_OBJC_ARC = YES;
				CLANG_WARN_BOOL_CONVERSION = YES;
				CLANG_WARN_CONSTANT_CONVERSION = YES;
				CLANG_WARN_DIRECT_OBJC_ISA_USAGE = YES_ERROR;
				CLANG_WARN_EMPTY_BODY = YES;
				CLANG_WARN_ENUM_CONVERSION = YES;
				CLANG_WARN_INT_CONVERSION = YES;
				CLANG_WARN_OBJC_ROOT_CLASS = YES_ERROR;
				CLANG_WARN_UNREACHABLE_CODE = YES;
				CLANG_WARN__DUPLICATE_METHOD_MATCH = YES;
				"CODE_SIGN_IDENTITY[sdk=iphoneos*]" = "iPhone Developer";
				COPY_PHASE_STRIP = NO;
				ENABLE_STRICT_OBJC_MSGSEND = YES;
				GCC_C_LANGUAGE_STANDARD = gnu99;
				GCC_DYNAMIC_NO_PIC = NO;
				GCC_OPTIMIZATION_LEVEL = 0;
				GCC_PREPROCESSOR_DEFINITIONS = (
					"DEBUG=1",
					"$(inherited)",
				);
				GCC_SYMBOLS_PRIVATE_EXTERN = NO;
				GCC_WARN_64_TO_32_BIT_CONVERSION = YES;
				GCC_WARN_ABOUT_RETURN_TYPE = YES_ERROR;
				GCC_WARN_UNDECLARED_SELECTOR = YES;
				GCC_WARN_UNINITIALIZED_AUTOS = YES_AGGRESSIVE;
				GCC_WARN_UNUSED_FUNCTION = YES;
				GCC_WARN_UNUSED_VARIABLE = YES;
				IPHONEOS_DEPLOYMENT_TARGET = 8.0;
				MTL_ENABLE_DEBUG_INFO = YES;
				ONLY_ACTIVE_ARCH = YES;
				SDKROOT = iphoneos;
				TARGETED_DEVICE_FAMILY = "1,2";
			};
			name = Debug;
		};
		3AD543F919D9E56400D92D0A /* Release */ = {
			isa = XCBuildConfiguration;
			buildSettings = {
				ALWAYS_SEARCH_USER_PATHS = NO;
				CLANG_CXX_LANGUAGE_STANDARD = "gnu++0x";
				CLANG_CXX_LIBRARY = "libc++";
				CLANG_ENABLE_MODULES = YES;
				CLANG_ENABLE_OBJC_ARC = YES;
				CLANG_WARN_BOOL_CONVERSION = YES;
				CLANG_WARN_CONSTANT_CONVERSION = YES;
				CLANG_WARN_DIRECT_OBJC_ISA_USAGE = YES_ERROR;
				CLANG_WARN_EMPTY_BODY = YES;
				CLANG_WARN_ENUM_CONVERSION = YES;
				CLANG_WARN_INT_CONVERSION = YES;
				CLANG_WARN_OBJC_ROOT_CLASS = YES_ERROR;
				CLANG_WARN_UNREACHABLE_CODE = YES;
				CLANG_WARN__DUPLICATE_METHOD_MATCH = YES;
				"CODE_SIGN_IDENTITY[sdk=iphoneos*]" = "iPhone Developer";
				COPY_PHASE_STRIP = YES;
				ENABLE_NS_ASSERTIONS = NO;
				ENABLE_STRICT_OBJC_MSGSEND = YES;
				GCC_C_LANGUAGE_STANDARD = gnu99;
				GCC_WARN_64_TO_32_BIT_CONVERSION = YES;
				GCC_WARN_ABOUT_RETURN_TYPE = YES_ERROR;
				GCC_WARN_UNDECLARED_SELECTOR = YES;
				GCC_WARN_UNINITIALIZED_AUTOS = YES_AGGRESSIVE;
				GCC_WARN_UNUSED_FUNCTION = YES;
				GCC_WARN_UNUSED_VARIABLE = YES;
				IPHONEOS_DEPLOYMENT_TARGET = 8.0;
				MTL_ENABLE_DEBUG_INFO = NO;
				SDKROOT = iphoneos;
				TARGETED_DEVICE_FAMILY = "1,2";
				VALIDATE_PRODUCT = YES;
			};
			name = Release;
		};
		3AD543FB19D9E56400D92D0A /* Debug */ = {
			isa = XCBuildConfiguration;
			buildSettings = {
				ASSETCATALOG_COMPILER_APPICON_NAME = AppIcon;
				INFOPLIST_FILE = IntuitWear/Info.plist;
				LD_RUNPATH_SEARCH_PATHS = "$(inherited) @executable_path/Frameworks";
				PRODUCT_NAME = "$(TARGET_NAME)";
			};
			name = Debug;
		};
		3AD543FC19D9E56400D92D0A /* Release */ = {
			isa = XCBuildConfiguration;
			buildSettings = {
				ASSETCATALOG_COMPILER_APPICON_NAME = AppIcon;
				INFOPLIST_FILE = IntuitWear/Info.plist;
				LD_RUNPATH_SEARCH_PATHS = "$(inherited) @executable_path/Frameworks";
				PRODUCT_NAME = "$(TARGET_NAME)";
			};
			name = Release;
		};
		3AD543FE19D9E56400D92D0A /* Debug */ = {
			isa = XCBuildConfiguration;
			buildSettings = {
				BUNDLE_LOADER = "$(TEST_HOST)";
				FRAMEWORK_SEARCH_PATHS = (
					"$(SDKROOT)/Developer/Library/Frameworks",
					"$(inherited)",
				);
				GCC_PREPROCESSOR_DEFINITIONS = (
					"DEBUG=1",
					"$(inherited)",
				);
				INFOPLIST_FILE = IntuitWearTests/Info.plist;
				LD_RUNPATH_SEARCH_PATHS = "$(inherited) @executable_path/Frameworks @loader_path/Frameworks";
				PRODUCT_NAME = "$(TARGET_NAME)";
				TEST_HOST = "$(BUILT_PRODUCTS_DIR)/IntuitWear.app/IntuitWear";
			};
			name = Debug;
		};
		3AD543FF19D9E56400D92D0A /* Release */ = {
			isa = XCBuildConfiguration;
			buildSettings = {
				BUNDLE_LOADER = "$(TEST_HOST)";
				FRAMEWORK_SEARCH_PATHS = (
					"$(SDKROOT)/Developer/Library/Frameworks",
					"$(inherited)",
				);
				INFOPLIST_FILE = IntuitWearTests/Info.plist;
				LD_RUNPATH_SEARCH_PATHS = "$(inherited) @executable_path/Frameworks @loader_path/Frameworks";
				PRODUCT_NAME = "$(TARGET_NAME)";
				TEST_HOST = "$(BUILT_PRODUCTS_DIR)/IntuitWear.app/IntuitWear";
			};
			name = Release;
		};
/* End XCBuildConfiguration section */

/* Begin XCConfigurationList section */
		3AD543D219D9E56400D92D0A /* Build configuration list for PBXProject "IntuitWear" */ = {
			isa = XCConfigurationList;
			buildConfigurations = (
				3AD543F819D9E56400D92D0A /* Debug */,
				3AD543F919D9E56400D92D0A /* Release */,
			);
			defaultConfigurationIsVisible = 0;
			defaultConfigurationName = Release;
		};
		3AD543FA19D9E56400D92D0A /* Build configuration list for PBXNativeTarget "IntuitWear" */ = {
			isa = XCConfigurationList;
			buildConfigurations = (
				3AD543FB19D9E56400D92D0A /* Debug */,
				3AD543FC19D9E56400D92D0A /* Release */,
			);
			defaultConfigurationIsVisible = 0;
		};
		3AD543FD19D9E56400D92D0A /* Build configuration list for PBXNativeTarget "IntuitWearTests" */ = {
			isa = XCConfigurationList;
			buildConfigurations = (
				3AD543FE19D9E56400D92D0A /* Debug */,
				3AD543FF19D9E56400D92D0A /* Release */,
			);
			defaultConfigurationIsVisible = 0;
		};
/* End XCConfigurationList section */
	};
	rootObject = 3AD543CF19D9E56400D92D0A /* Project object */;
}
